
Microsoft Visual Studio Solution File, Format Version 12.00
# Visual Studio 15
VisualStudioVersion = 15.0.28307.1831
MinimumVisualStudioVersion = 10.0.40219.1
Project("{8BC9CEB8-8B4A-11D0-8D11-00A0C91BC942}") = "icpAlign", "icpAlign\icpAlign.vcxproj", "{C96BE200-8E6D-46BB-9603-6F435A4F3163}"
EndProject
Global
	GlobalSection(SolutionConfigurationPlatforms) = preSolution
		Debug|x64 = Debug|x64
		Debug|x86 = Debug|x86
		Release|x64 = Release|x64
		Release|x86 = Release|x86
	EndGlobalSection
	GlobalSection(ProjectConfigurationPlatforms) = postSolution
		{C96BE200-8E6D-46BB-9603-6F435A4F3163}.Debug|x64.ActiveCfg = Debug|x64
		{C96BE200-8E6D-46BB-9603-6F435A4F3163}.Debug|x64.Build.0 = Debug|x64
		{C96BE200-8E6D-46BB-9603-6F435A4F3163}.Debug|x86.ActiveCfg = Debug|Win32
		{C96BE200-8E6D-46BB-9603-6F435A4F3163}.Debug|x86.Build.0 = Debug|Win32
		{C96BE200-8E6D-46BB-9603-6F435A4F3163}.Release|x64.ActiveCfg = Release|x64
		{C96BE200-8E6D-46BB-9603-6F435A4F3163}.Release|x64.Build.0 = Release|x64
		{C96BE200-8E6D-46BB-9603-6F435A4F3163}.Release|x86.ActiveCfg = Release|Win32
		{C96BE200-8E6D-46BB-9603-6F435A4F3163}.Release|x86.Build.0 = Release|Win32
	EndGlobalSection
	GlobalSection(SolutionProperties) = preSolution
		HideSolutionNode = FALSE
	EndGlobalSection
	GlobalSection(ExtensibilityGlobals) = postSolution
		SolutionGuid = {70C130E3-ABD8-4A3B-8734-5A948E02E1B3}
	EndGlobalSection
EndGlobal
